// !$*UTF8*$!
{
	archiveVersion = 1;
	classes = {
	};
	objectVersion = 46;
	objects = {

/* Begin PBXBuildFile section */
		AD60A484198327EB00379B1B /* Foundation.framework in Frameworks */ = {isa = PBXBuildFile; fileRef = AD60A483198327EB00379B1B /* Foundation.framework */; };
		AD60A486198327EB00379B1B /* CoreGraphics.framework in Frameworks */ = {isa = PBXBuildFile; fileRef = AD60A485198327EB00379B1B /* CoreGraphics.framework */; };
		AD60A488198327EB00379B1B /* UIKit.framework in Frameworks */ = {isa = PBXBuildFile; fileRef = AD60A487198327EB00379B1B /* UIKit.framework */; };
		AD60A48E198327EB00379B1B /* InfoPlist.strings in Resources */ = {isa = PBXBuildFile; fileRef = AD60A48C198327EB00379B1B /* InfoPlist.strings */; };
		AD60A490198327EB00379B1B /* main.m in Sources */ = {isa = PBXBuildFile; fileRef = AD60A48F198327EB00379B1B /* main.m */; };
		AD60A494198327EB00379B1B /* AppDelegate.m in Sources */ = {isa = PBXBuildFile; fileRef = AD60A493198327EB00379B1B /* AppDelegate.m */; };
		AD60A497198327EB00379B1B /* Main.storyboard in Resources */ = {isa = PBXBuildFile; fileRef = AD60A495198327EB00379B1B /* Main.storyboard */; };
		AD60A49A198327EB00379B1B /* ViewController.m in Sources */ = {isa = PBXBuildFile; fileRef = AD60A499198327EB00379B1B /* ViewController.m */; };
		AD60A49C198327EB00379B1B /* Images.xcassets in Resources */ = {isa = PBXBuildFile; fileRef = AD60A49B198327EB00379B1B /* Images.xcassets */; };
		AD60A4A3198327EB00379B1B /* XCTest.framework in Frameworks */ = {isa = PBXBuildFile; fileRef = AD60A4A2198327EB00379B1B /* XCTest.framework */; };
		AD60A4A4198327EB00379B1B /* Foundation.framework in Frameworks */ = {isa = PBXBuildFile; fileRef = AD60A483198327EB00379B1B /* Foundation.framework */; };
		AD60A4A5198327EB00379B1B /* UIKit.framework in Frameworks */ = {isa = PBXBuildFile; fileRef = AD60A487198327EB00379B1B /* UIKit.framework */; };
		AD60A4AD198327EB00379B1B /* InfoPlist.strings in Resources */ = {isa = PBXBuildFile; fileRef = AD60A4AB198327EB00379B1B /* InfoPlist.strings */; };
		AD60A4AF198327EB00379B1B /* QuartzTests.m in Sources */ = {isa = PBXBuildFile; fileRef = AD60A4AE198327EB00379B1B /* QuartzTests.m */; };
		AD60A4B9198328D300379B1B /* QuartzCore.framework in Frameworks */ = {isa = PBXBuildFile; fileRef = AD60A4B8198328D300379B1B /* QuartzCore.framework */; };
		AD60A4BD19832AD000379B1B /* UIColor+Random.m in Sources */ = {isa = PBXBuildFile; fileRef = AD60A4BC19832AD000379B1B /* UIColor+Random.m */; };
		AD60A4C019832D8400379B1B /* QuartzView.m in Sources */ = {isa = PBXBuildFile; fileRef = AD60A4BF19832D8400379B1B /* QuartzView.m */; };
		AD60A4C2198347E800379B1B /* logo.png in Resources */ = {isa = PBXBuildFile; fileRef = AD60A4C1198347E800379B1B /* logo.png */; };
/* End PBXBuildFile section */

/* Begin PBXContainerItemProxy section */
		AD60A4A6198327EB00379B1B /* PBXContainerItemProxy */ = {
			isa = PBXContainerItemProxy;
			containerPortal = AD60A478198327EB00379B1B /* Project object */;
			proxyType = 1;
			remoteGlobalIDString = AD60A47F198327EB00379B1B;
			remoteInfo = Quartz;
		};
/* End PBXContainerItemProxy section */

/* Begin PBXFileReference section */
		AD60A480198327EB00379B1B /* Quartz.app */ = {isa = PBXFileReference; explicitFileType = wrapper.application; includeInIndex = 0; path = Quartz.app; sourceTree = BUILT_PRODUCTS_DIR; };
		AD60A483198327EB00379B1B /* Foundation.framework */ = {isa = PBXFileReference; lastKnownFileType = wrapper.framework; name = Foundation.framework; path = System/Library/Frameworks/Foundation.framework; sourceTree = SDKROOT; };
		AD60A485198327EB00379B1B /* CoreGraphics.framework */ = {isa = PBXFileReference; lastKnownFileType = wrapper.framework; name = CoreGraphics.framework; path = System/Library/Frameworks/CoreGraphics.framework; sourceTree = SDKROOT; };
		AD60A487198327EB00379B1B /* UIKit.framework */ = {isa = PBXFileReference; lastKnownFileType = wrapper.framework; name = UIKit.framework; path = System/Library/Frameworks/UIKit.framework; sourceTree = SDKROOT; };
		AD60A48B198327EB00379B1B /* Quartz-Info.plist */ = {isa = PBXFileReference; lastKnownFileType = text.plist.xml; path = "Quartz-Info.plist"; sourceTree = "<group>"; };
		AD60A48D198327EB00379B1B /* en */ = {isa = PBXFileReference; lastKnownFileType = text.plist.strings; name = en; path = en.lproj/InfoPlist.strings; sourceTree = "<group>"; };
		AD60A48F198327EB00379B1B /* main.m */ = {isa = PBXFileReference; lastKnownFileType = sourcecode.c.objc; path = main.m; sourceTree = "<group>"; };
		AD60A491198327EB00379B1B /* Quartz-Prefix.pch */ = {isa = PBXFileReference; lastKnownFileType = sourcecode.c.h; path = "Quartz-Prefix.pch"; sourceTree = "<group>"; };
		AD60A492198327EB00379B1B /* AppDelegate.h */ = {isa = PBXFileReference; lastKnownFileType = sourcecode.c.h; path = AppDelegate.h; sourceTree = "<group>"; };
		AD60A493198327EB00379B1B /* AppDelegate.m */ = {isa = PBXFileReference; lastKnownFileType = sourcecode.c.objc; path = AppDelegate.m; sourceTree = "<group>"; };
		AD60A496198327EB00379B1B /* Base */ = {isa = PBXFileReference; lastKnownFileType = file.storyboard; name = Base; path = Base.lproj/Main.storyboard; sourceTree = "<group>"; };
		AD60A498198327EB00379B1B /* ViewController.h */ = {isa = PBXFileReference; lastKnownFileType = sourcecode.c.h; path = ViewController.h; sourceTree = "<group>"; };
		AD60A499198327EB00379B1B /* ViewController.m */ = {isa = PBXFileReference; lastKnownFileType = sourcecode.c.objc; path = ViewController.m; sourceTree = "<group>"; };
		AD60A49B198327EB00379B1B /* Images.xcassets */ = {isa = PBXFileReference; lastKnownFileType = folder.assetcatalog; path = Images.xcassets; sourceTree = "<group>"; };
		AD60A4A1198327EB00379B1B /* QuartzTests.xctest */ = {isa = PBXFileReference; explicitFileType = wrapper.cfbundle; includeInIndex = 0; path = QuartzTests.xctest; sourceTree = BUILT_PRODUCTS_DIR; };
		AD60A4A2198327EB00379B1B /* XCTest.framework */ = {isa = PBXFileReference; lastKnownFileType = wrapper.framework; name = XCTest.framework; path = Library/Frameworks/XCTest.framework; sourceTree = DEVELOPER_DIR; };
		AD60A4AA198327EB00379B1B /* QuartzTests-Info.plist */ = {isa = PBXFileReference; lastKnownFileType = text.plist.xml; path = "QuartzTests-Info.plist"; sourceTree = "<group>"; };
		AD60A4AC198327EB00379B1B /* en */ = {isa = PBXFileReference; lastKnownFileType = text.plist.strings; name = en; path = en.lproj/InfoPlist.strings; sourceTree = "<group>"; };
		AD60A4AE198327EB00379B1B /* QuartzTests.m */ = {isa = PBXFileReference; lastKnownFileType = sourcecode.c.objc; path = QuartzTests.m; sourceTree = "<group>"; };
		AD60A4B8198328D300379B1B /* QuartzCore.framework */ = {isa = PBXFileReference; lastKnownFileType = wrapper.framework; name = QuartzCore.framework; path = System/Library/Frameworks/QuartzCore.framework; sourceTree = SDKROOT; };
		AD60A4BA1983292E00379B1B /* Constants.h */ = {isa = PBXFileReference; lastKnownFileType = sourcecode.c.h; path = Constants.h; sourceTree = "<group>"; };
		AD60A4BB19832AD000379B1B /* UIColor+Random.h */ = {isa = PBXFileReference; fileEncoding = 4; lastKnownFileType = sourcecode.c.h; path = "UIColor+Random.h"; sourceTree = "<group>"; };
		AD60A4BC19832AD000379B1B /* UIColor+Random.m */ = {isa = PBXFileReference; fileEncoding = 4; lastKnownFileType = sourcecode.c.objc; path = "UIColor+Random.m"; sourceTree = "<group>"; };
		AD60A4BE19832D8400379B1B /* QuartzView.h */ = {isa = PBXFileReference; fileEncoding = 4; lastKnownFileType = sourcecode.c.h; path = QuartzView.h; sourceTree = "<group>"; };
		AD60A4BF19832D8400379B1B /* QuartzView.m */ = {isa = PBXFileReference; fileEncoding = 4; lastKnownFileType = sourcecode.c.objc; path = QuartzView.m; sourceTree = "<group>"; };
		AD60A4C1198347E800379B1B /* logo.png */ = {isa = PBXFileReference; lastKnownFileType = image.png; path = logo.png; sourceTree = "<group>"; };
/* End PBXFileReference section */

/* Begin PBXFrameworksBuildPhase section */
		AD60A47D198327EB00379B1B /* Frameworks */ = {
			isa = PBXFrameworksBuildPhase;
			buildActionMask = 2147483647;
			files = (
				AD60A4B9198328D300379B1B /* QuartzCore.framework in Frameworks */,
				AD60A486198327EB00379B1B /* CoreGraphics.framework in Frameworks */,
				AD60A488198327EB00379B1B /* UIKit.framework in Frameworks */,
				AD60A484198327EB00379B1B /* Foundation.framework in Frameworks */,
			);
			runOnlyForDeploymentPostprocessing = 0;
		};
		AD60A49E198327EB00379B1B /* Frameworks */ = {
			isa = PBXFrameworksBuildPhase;
			buildActionMask = 2147483647;
			files = (
				AD60A4A3198327EB00379B1B /* XCTest.framework in Frameworks */,
				AD60A4A5198327EB00379B1B /* UIKit.framework in Frameworks */,
				AD60A4A4198327EB00379B1B /* Foundation.framework in Frameworks */,
			);
			runOnlyForDeploymentPostprocessing = 0;
		};
/* End PBXFrameworksBuildPhase section */

/* Begin PBXGroup section */
		AD60A477198327EB00379B1B = {
			isa = PBXGroup;
			children = (
				AD60A4C1198347E800379B1B /* logo.png */,
				AD60A4BE19832D8400379B1B /* QuartzView.h */,
				AD60A4BF19832D8400379B1B /* QuartzView.m */,
				AD60A4BB19832AD000379B1B /* UIColor+Random.h */,
				AD60A4BC19832AD000379B1B /* UIColor+Random.m */,
				AD60A4BA1983292E00379B1B /* Constants.h */,
				AD60A489198327EB00379B1B /* Quartz */,
				AD60A4A8198327EB00379B1B /* QuartzTests */,
				AD60A482198327EB00379B1B /* Frameworks */,
				AD60A481198327EB00379B1B /* Products */,
			);
			sourceTree = "<group>";
		};
		AD60A481198327EB00379B1B /* Products */ = {
			isa = PBXGroup;
			children = (
				AD60A480198327EB00379B1B /* Quartz.app */,
				AD60A4A1198327EB00379B1B /* QuartzTests.xctest */,
			);
			name = Products;
			sourceTree = "<group>";
		};
		AD60A482198327EB00379B1B /* Frameworks */ = {
			isa = PBXGroup;
			children = (
				AD60A4B8198328D300379B1B /* QuartzCore.framework */,
				AD60A483198327EB00379B1B /* Foundation.framework */,
				AD60A485198327EB00379B1B /* CoreGraphics.framework */,
				AD60A487198327EB00379B1B /* UIKit.framework */,
				AD60A4A2198327EB00379B1B /* XCTest.framework */,
			);
			name = Frameworks;
			sourceTree = "<group>";
		};
		AD60A489198327EB00379B1B /* Quartz */ = {
			isa = PBXGroup;
			children = (
				AD60A492198327EB00379B1B /* AppDelegate.h */,
				AD60A493198327EB00379B1B /* AppDelegate.m */,
				AD60A495198327EB00379B1B /* Main.storyboard */,
				AD60A498198327EB00379B1B /* ViewController.h */,
				AD60A499198327EB00379B1B /* ViewController.m */,
				AD60A49B198327EB00379B1B /* Images.xcassets */,
				AD60A48A198327EB00379B1B /* Supporting Files */,
			);
			path = Quartz;
			sourceTree = "<group>";
		};
		AD60A48A198327EB00379B1B /* Supporting Files */ = {
			isa = PBXGroup;
			children = (
				AD60A48B198327EB00379B1B /* Quartz-Info.plist */,
				AD60A48C198327EB00379B1B /* InfoPlist.strings */,
				AD60A48F198327EB00379B1B /* main.m */,
				AD60A491198327EB00379B1B /* Quartz-Prefix.pch */,
			);
			name = "Supporting Files";
			sourceTree = "<group>";
		};
		AD60A4A8198327EB00379B1B /* QuartzTests */ = {
			isa = PBXGroup;
			children = (
				AD60A4AE198327EB00379B1B /* QuartzTests.m */,
				AD60A4A9198327EB00379B1B /* Supporting Files */,
			);
			path = QuartzTests;
			sourceTree = "<group>";
		};
		AD60A4A9198327EB00379B1B /* Supporting Files */ = {
			isa = PBXGroup;
			children = (
				AD60A4AA198327EB00379B1B /* QuartzTests-Info.plist */,
				AD60A4AB198327EB00379B1B /* InfoPlist.strings */,
			);
			name = "Supporting Files";
			sourceTree = "<group>";
		};
/* End PBXGroup section */

/* Begin PBXNativeTarget section */
		AD60A47F198327EB00379B1B /* Quartz */ = {
			isa = PBXNativeTarget;
			buildConfigurationList = AD60A4B2198327EB00379B1B /* Build configuration list for PBXNativeTarget "Quartz" */;
			buildPhases = (
				AD60A47C198327EB00379B1B /* Sources */,
				AD60A47D198327EB00379B1B /* Frameworks */,
				AD60A47E198327EB00379B1B /* Resources */,
			);
			buildRules = (
			);
			dependencies = (
			);
			name = Quartz;
			productName = Quartz;
			productReference = AD60A480198327EB00379B1B /* Quartz.app */;
			productType = "com.apple.product-type.application";
		};
		AD60A4A0198327EB00379B1B /* QuartzTests */ = {
			isa = PBXNativeTarget;
			buildConfigurationList = AD60A4B5198327EB00379B1B /* Build configuration list for PBXNativeTarget "QuartzTests" */;
			buildPhases = (
				AD60A49D198327EB00379B1B /* Sources */,
				AD60A49E198327EB00379B1B /* Frameworks */,
				AD60A49F198327EB00379B1B /* Resources */,
			);
			buildRules = (
			);
			dependencies = (
				AD60A4A7198327EB00379B1B /* PBXTargetDependency */,
			);
			name = QuartzTests;
			productName = QuartzTests;
			productReference = AD60A4A1198327EB00379B1B /* QuartzTests.xctest */;
			productType = "com.apple.product-type.bundle.unit-test";
		};
/* End PBXNativeTarget section */

/* Begin PBXProject section */
		AD60A478198327EB00379B1B /* Project object */ = {
			isa = PBXProject;
			attributes = {
				LastUpgradeCheck = 0510;
				ORGANIZATIONNAME = cymetria;
				TargetAttributes = {
					AD60A4A0198327EB00379B1B = {
						TestTargetID = AD60A47F198327EB00379B1B;
					};
				};
			};
			buildConfigurationList = AD60A47B198327EB00379B1B /* Build configuration list for PBXProject "Quartz" */;
			compatibilityVersion = "Xcode 3.2";
			developmentRegion = English;
			hasScannedForEncodings = 0;
			knownRegions = (
				en,
				Base,
			);
			mainGroup = AD60A477198327EB00379B1B;
			productRefGroup = AD60A481198327EB00379B1B /* Products */;
			projectDirPath = "";
			projectRoot = "";
			targets = (
				AD60A47F198327EB00379B1B /* Quartz */,
				AD60A4A0198327EB00379B1B /* QuartzTests */,
			);
		};
/* End PBXProject section */

/* Begin PBXResourcesBuildPhase section */
		AD60A47E198327EB00379B1B /* Resources */ = {
			isa = PBXResourcesBuildPhase;
			buildActionMask = 2147483647;
			files = (
				AD60A4C2198347E800379B1B /* logo.png in Resources */,
				AD60A49C198327EB00379B1B /* Images.xcassets in Resources */,
				AD60A48E198327EB00379B1B /* InfoPlist.strings in Resources */,
				AD60A497198327EB00379B1B /* Main.storyboard in Resources */,
			);
			runOnlyForDeploymentPostprocessing = 0;
		};
		AD60A49F198327EB00379B1B /* Resources */ = {
			isa = PBXResourcesBuildPhase;
			buildActionMask = 2147483647;
			files = (
				AD60A4AD198327EB00379B1B /* InfoPlist.strings in Resources */,
			);
			runOnlyForDeploymentPostprocessing = 0;
		};
/* End PBXResourcesBuildPhase section */

/* Begin PBXSourcesBuildPhase section */
		AD60A47C198327EB00379B1B /* Sources */ = {
			isa = PBXSourcesBuildPhase;
			buildActionMask = 2147483647;
			files = (
				AD60A4BD19832AD000379B1B /* UIColor+Random.m in Sources */,
				AD60A49A198327EB00379B1B /* ViewController.m in Sources */,
				AD60A494198327EB00379B1B /* AppDelegate.m in Sources */,
				AD60A4C019832D8400379B1B /* QuartzView.m in Sources */,
				AD60A490198327EB00379B1B /* main.m in Sources */,
			);
			runOnlyForDeploymentPostprocessing = 0;
		};
		AD60A49D198327EB00379B1B /* Sources */ = {
			isa = PBXSourcesBuildPhase;
			buildActionMask = 2147483647;
			files = (
				AD60A4AF198327EB00379B1B /* QuartzTests.m in Sources */,
			);
			runOnlyForDeploymentPostprocessing = 0;
		};
/* End PBXSourcesBuildPhase section */

/* Begin PBXTargetDependency section */
		AD60A4A7198327EB00379B1B /* PBXTargetDependency */ = {
			isa = PBXTargetDependency;
			target = AD60A47F198327EB00379B1B /* Quartz */;
			targetProxy = AD60A4A6198327EB00379B1B /* PBXContainerItemProxy */;
		};
/* End PBXTargetDependency section */

/* Begin PBXVariantGroup section */
		AD60A48C198327EB00379B1B /* InfoPlist.strings */ = {
			isa = PBXVariantGroup;
			children = (
				AD60A48D198327EB00379B1B /* en */,
			);
			name = InfoPlist.strings;
			sourceTree = "<group>";
		};
		AD60A495198327EB00379B1B /* Main.storyboard */ = {
			isa = PBXVariantGroup;
			children = (
				AD60A496198327EB00379B1B /* Base */,
			);
			name = Main.storyboard;
			sourceTree = "<group>";
		};
		AD60A4AB198327EB00379B1B /* InfoPlist.strings */ = {
			isa = PBXVariantGroup;
			children = (
				AD60A4AC198327EB00379B1B /* en */,
			);
			name = InfoPlist.strings;
			sourceTree = "<group>";
		};
/* End PBXVariantGroup section */

/* Begin XCBuildConfiguration section */
		AD60A4B0198327EB00379B1B /* Debug */ = {
			isa = XCBuildConfiguration;
			buildSettings = {
				ALWAYS_SEARCH_USER_PATHS = NO;
				CLANG_CXX_LANGUAGE_STANDARD = "gnu++0x";
				CLANG_CXX_LIBRARY = "libc++";
				CLANG_ENABLE_MODULES = YES;
				CLANG_ENABLE_OBJC_ARC = YES;
				CLANG_WARN_BOOL_CONVERSION = YES;
				CLANG_WARN_CONSTANT_CONVERSION = YES;
				CLANG_WARN_DIRECT_OBJC_ISA_USAGE = YES_ERROR;
				CLANG_WARN_EMPTY_BODY = YES;
				CLANG_WARN_ENUM_CONVERSION = YES;
				CLANG_WARN_INT_CONVERSION = YES;
				CLANG_WARN_OBJC_ROOT_CLASS = YES_ERROR;
				CLANG_WARN__DUPLICATE_METHOD_MATCH = YES;
				"CODE_SIGN_IDENTITY[sdk=iphoneos*]" = "iPhone Developer";
				COPY_PHASE_STRIP = NO;
				GCC_C_LANGUAGE_STANDARD = gnu99;
				GCC_DYNAMIC_NO_PIC = NO;
				GCC_OPTIMIZATION_LEVEL = 0;
				GCC_PREPROCESSOR_DEFINITIONS = (
					"DEBUG=1",
					"$(inherited)",
				);
				GCC_SYMBOLS_PRIVATE_EXTERN = NO;
				GCC_WARN_64_TO_32_BIT_CONVERSION = YES;
				GCC_WARN_ABOUT_RETURN_TYPE = YES_ERROR;
				GCC_WARN_UNDECLARED_SELECTOR = YES;
				GCC_WARN_UNINITIALIZED_AUTOS = YES_AGGRESSIVE;
				GCC_WARN_UNUSED_FUNCTION = YES;
				GCC_WARN_UNUSED_VARIABLE = YES;
				IPHONEOS_DEPLOYMENT_TARGET = 7.1;
				ONLY_ACTIVE_ARCH = YES;
				SDKROOT = iphoneos;
			};
			name = Debug;
		};
		AD60A4B1198327EB00379B1B /* Release */ = {
			isa = XCBuildConfiguration;
			buildSettings = {
				ALWAYS_SEARCH_USER_PATHS = NO;
				CLANG_CXX_LANGUAGE_STANDARD = "gnu++0x";
				CLANG_CXX_LIBRARY = "libc++";
				CLANG_ENABLE_MODULES = YES;
				CLANG_ENABLE_OBJC_ARC = YES;
				CLANG_WARN_BOOL_CONVERSION = YES;
				CLANG_WARN_CONSTANT_CONVERSION = YES;
				CLANG_WARN_DIRECT_OBJC_ISA_USAGE = YES_ERROR;
				CLANG_WARN_EMPTY_BODY = YES;
				CLANG_WARN_ENUM_CONVERSION = YES;
				CLANG_WARN_INT_CONVERSION = YES;
				CLANG_WARN_OBJC_ROOT_CLASS = YES_ERROR;
				CLANG_WARN__DUPLICATE_METHOD_MATCH = YES;
				"CODE_SIGN_IDENTITY[sdk=iphoneos*]" = "iPhone Developer";
				COPY_PHASE_STRIP = YES;
				ENABLE_NS_ASSERTIONS = NO;
				GCC_C_LANGUAGE_STANDARD = gnu99;
				GCC_WARN_64_TO_32_BIT_CONVERSION = YES;
				GCC_WARN_ABOUT_RETURN_TYPE = YES_ERROR;
				GCC_WARN_UNDECLARED_SELECTOR = YES;
				GCC_WARN_UNINITIALIZED_AUTOS = YES_AGGRESSIVE;
				GCC_WARN_UNUSED_FUNCTION = YES;
				GCC_WARN_UNUSED_VARIABLE = YES;
				IPHONEOS_DEPLOYMENT_TARGET = 7.1;
				SDKROOT = iphoneos;
				VALIDATE_PRODUCT = YES;
			};
			name = Release;
		};
		AD60A4B3198327EB00379B1B /* Debug */ = {
			isa = XCBuildConfiguration;
			buildSettings = {
				ASSETCATALOG_COMPILER_APPICON_NAME = AppIcon;
				ASSETCATALOG_COMPILER_LAUNCHIMAGE_NAME = LaunchImage;
				GCC_PRECOMPILE_PREFIX_HEADER = YES;
				GCC_PREFIX_HEADER = "Quartz/Quartz-Prefix.pch";
				INFOPLIST_FILE = "Quartz/Quartz-Info.plist";
				PRODUCT_NAME = "$(TARGET_NAME)";
				WRAPPER_EXTENSION = app;
			};
			name = Debug;
		};
		AD60A4B4198327EB00379B1B /* Release */ = {
			isa = XCBuildConfiguration;
			buildSettings = {
				ASSETCATALOG_COMPILER_APPICON_NAME = AppIcon;
				ASSETCATALOG_COMPILER_LAUNCHIMAGE_NAME = LaunchImage;
				GCC_PRECOMPILE_PREFIX_HEADER = YES;
				GCC_PREFIX_HEADER = "Quartz/Quartz-Prefix.pch";
				INFOPLIST_FILE = "Quartz/Quartz-Info.plist";
				PRODUCT_NAME = "$(TARGET_NAME)";
				WRAPPER_EXTENSION = app;
			};
			name = Release;
		};
		AD60A4B6198327EB00379B1B /* Debug */ = {
			isa = XCBuildConfiguration;
			buildSettings = {
				BUNDLE_LOADER = "$(BUILT_PRODUCTS_DIR)/Quartz.app/Quartz";
				FRAMEWORK_SEARCH_PATHS = (
					"$(SDKROOT)/Developer/Library/Frameworks",
					"$(inherited)",
					"$(DEVELOPER_FRAMEWORKS_DIR)",
				);
				GCC_PRECOMPILE_PREFIX_HEADER = YES;
				GCC_PREFIX_HEADER = "Quartz/Quartz-Prefix.pch";
				GCC_PREPROCESSOR_DEFINITIONS = (
					"DEBUG=1",
					"$(inherited)",
				);
				INFOPLIST_FILE = "QuartzTests/QuartzTests-Info.plist";
				PRODUCT_NAME = "$(TARGET_NAME)";
				TEST_HOST = "$(BUNDLE_LOADER)";
				WRAPPER_EXTENSION = xctest;
			};
			name = Debug;
		};
		AD60A4B7198327EB00379B1B /* Release */ = {
			isa = XCBuildConfiguration;
			buildSettings = {
				BUNDLE_LOADER = "$(BUILT_PRODUCTS_DIR)/Quartz.app/Quartz";
				FRAMEWORK_SEARCH_PATHS = (
					"$(SDKROOT)/Developer/Library/Frameworks",
					"$(inherited)",
					"$(DEVELOPER_FRAMEWORKS_DIR)",
				);
				GCC_PRECOMPILE_PREFIX_HEADER = YES;
				GCC_PREFIX_HEADER = "Quartz/Quartz-Prefix.pch";
				INFOPLIST_FILE = "QuartzTests/QuartzTests-Info.plist";
				PRODUCT_NAME = "$(TARGET_NAME)";
				TEST_HOST = "$(BUNDLE_LOADER)";
				WRAPPER_EXTENSION = xctest;
			};
			name = Release;
		};
/* End XCBuildConfiguration section */

/* Begin XCConfigurationList section */
		AD60A47B198327EB00379B1B /* Build configuration list for PBXProject "Quartz" */ = {
			isa = XCConfigurationList;
			buildConfigurations = (
				AD60A4B0198327EB00379B1B /* Debug */,
				AD60A4B1198327EB00379B1B /* Release */,
			);
			defaultConfigurationIsVisible = 0;
			defaultConfigurationName = Release;
		};
		AD60A4B2198327EB00379B1B /* Build configuration list for PBXNativeTarget "Quartz" */ = {
			isa = XCConfigurationList;
			buildConfigurations = (
				AD60A4B3198327EB00379B1B /* Debug */,
				AD60A4B4198327EB00379B1B /* Release */,
			);
			defaultConfigurationIsVisible = 0;
		};
		AD60A4B5198327EB00379B1B /* Build configuration list for PBXNativeTarget "QuartzTests" */ = {
			isa = XCConfigurationList;
			buildConfigurations = (
				AD60A4B6198327EB00379B1B /* Debug */,
				AD60A4B7198327EB00379B1B /* Release */,
			);
			defaultConfigurationIsVisible = 0;
		};
/* End XCConfigurationList section */
	};
	rootObject = AD60A478198327EB00379B1B /* Project object */;
}
